
Microsoft Visual Studio Solution File, Format Version 12.00
# Visual Studio 2013
VisualStudioVersion = 12.0.21005.1
MinimumVisualStudioVersion = 10.0.40219.1
Project("{E24C65DC-7377-472B-9ABA-BC803B73C61A}") = "AutoSendEmail", "http://localhost:25913", "{8FF039D6-3FEE-4DF6-A154-D950D7955AF0}"
	ProjectSection(WebsiteProperties) = preProject
		UseIISExpress = "true"
		TargetFrameworkMoniker = ".NETFramework,Version%3Dv4.5"
		Debug.AspNetCompiler.VirtualPath = "/localhost_25913"
		Debug.AspNetCompiler.PhysicalPath = "..\AutoSendEmail\"
		Debug.AspNetCompiler.TargetPath = "PrecompiledWeb\localhost_25913\"
		Debug.AspNetCompiler.Updateable = "true"
		Debug.AspNetCompiler.ForceOverwrite = "true"
		Debug.AspNetCompiler.FixedNames = "false"
		Debug.AspNetCompiler.Debug = "True"
		Release.AspNetCompiler.VirtualPath = "/localhost_25913"
		Release.AspNetCompiler.PhysicalPath = "..\AutoSendEmail\"
		Release.AspNetCompiler.TargetPath = "PrecompiledWeb\localhost_25913\"
		Release.AspNetCompiler.Updateable = "true"
		Release.AspNetCompiler.ForceOverwrite = "true"
		Release.AspNetCompiler.FixedNames = "false"
		Release.AspNetCompiler.Debug = "False"
		SlnRelativePath = "..\AutoSendEmail\"
		DefaultWebSiteLanguage = "Visual C#"
	EndProjectSection
EndProject
Project("{FAE04EC0-301F-11D3-BF4B-00C04F79EFBC}") = "AutoServer", "AutoServer\AutoServer.csproj", "{4CB185FD-E81E-47FE-8593-DF078B5E75F7}"
EndProject
Global
	GlobalSection(SolutionConfigurationPlatforms) = preSolution
		Debug|Any CPU = Debug|Any CPU
		Release|Any CPU = Release|Any CPU
	EndGlobalSection
	GlobalSection(ProjectConfigurationPlatforms) = postSolution
		{8FF039D6-3FEE-4DF6-A154-D950D7955AF0}.Debug|Any CPU.ActiveCfg = Debug|Any CPU
		{8FF039D6-3FEE-4DF6-A154-D950D7955AF0}.Debug|Any CPU.Build.0 = Debug|Any CPU
		{8FF039D6-3FEE-4DF6-A154-D950D7955AF0}.Release|Any CPU.ActiveCfg = Debug|Any CPU
		{8FF039D6-3FEE-4DF6-A154-D950D7955AF0}.Release|Any CPU.Build.0 = Debug|Any CPU
		{4CB185FD-E81E-47FE-8593-DF078B5E75F7}.Debug|Any CPU.ActiveCfg = Debug|Any CPU
		{4CB185FD-E81E-47FE-8593-DF078B5E75F7}.Debug|Any CPU.Build.0 = Debug|Any CPU
		{4CB185FD-E81E-47FE-8593-DF078B5E75F7}.Release|Any CPU.ActiveCfg = Release|Any CPU
		{4CB185FD-E81E-47FE-8593-DF078B5E75F7}.Release|Any CPU.Build.0 = Release|Any CPU
	EndGlobalSection
	GlobalSection(SolutionProperties) = preSolution
		HideSolutionNode = FALSE
	EndGlobalSection
EndGlobal
